<?xml version="1.0" encoding="utf-8"?>
<Project ToolsVersion="4.0" xmlns="http://schemas.microsoft.com/developer/msbuild/2003">
  <ItemGroup>
    <ClCompile Include="main.cpp" />
    <ClCompile Include="scaleform.cpp" />
    <ClCompile Include="scripts.cpp" />
    <ClCompile Include="hacks.cpp" />
    <ClCompile Include="sam.cpp" />
    <ClCompile Include="papyrus.cpp" />
    <ClCompile Include="pose.cpp" />
    <ClCompile Include="mfg.cpp" />
    <ClCompile Include="idle.cpp" />
    <ClCompile Include="console.cpp" />
    <ClCompile Include="strnatcmp.cpp" />
    <ClCompile Include="positioning.cpp" />
    <ClCompile Include="compatibility.cpp" />
    <ClCompile Include="options.cpp" />
    <ClCompile Include="input.cpp" />
    <ClCompile Include="camera.cpp" />
    <ClCompile Include="lights.cpp" />
    <ClCompile Include="gfx.cpp" />
    <ClCompile Include="data.cpp" />
    <ClCompile Include="inventory.cpp" />
    <ClCompile Include="eyes.cpp" />
    <ClCompile Include="io.cpp" />
    <ClCompile Include="types.cpp" />
    <ClCompile Include="companion.cpp" />
    <ClCompile Include="material.cpp" />
    <ClCompile Include="messaging.cpp" />
    <ClCompile Include="bodymorphs.cpp" />
    <ClCompile Include="smartpointer.cpp" />
    <ClCompile Include="functions.cpp" />
    <ClCompile Include="looks.cpp" />
    <ClCompile Include="forms.cpp" />
  </ItemGroup>
  <ItemGroup>
    <ClInclude Include="scaleform.h" />
    <ClInclude Include="scripts.h" />
    <ClInclude Include="hacks.h" />
    <ClInclude Include="sam.h" />
    <ClInclude Include="papyrus.h" />
    <ClInclude Include="pose.h" />
    <ClInclude Include="mfg.h" />
    <ClInclude Include="idle.h" />
    <ClInclude Include="console.h" />
    <ClInclude Include="strnatcmp.h" />
    <ClInclude Include="positioning.h" />
    <ClInclude Include="compatibility.h" />
    <ClInclude Include="options.h" />
    <ClInclude Include="input.h" />
    <ClInclude Include="camera.h" />
    <ClInclude Include="lights.h" />
    <ClInclude Include="gfx.h" />
    <ClInclude Include="data.h" />
    <ClInclude Include="constants.h" />
    <ClInclude Include="inventory.h" />
    <ClInclude Include="eyes.h" />
    <ClInclude Include="io.h" />
    <ClInclude Include="types.h" />
    <ClInclude Include="companion.h" />
    <ClInclude Include="material.h" />
    <ClInclude Include="messaging.h" />
    <ClInclude Include="bodymorphs.h" />
    <ClInclude Include="smartpointer.h" />
    <ClInclude Include="functions.h" />
    <ClInclude Include="looks.h" />
    <ClInclude Include="forms.h" />
  </ItemGroup>
  <ItemGroup>
    <None Include="exports.def" />
  </ItemGroup>
</Project>