<?xml version="1.0" encoding="utf-8"?>
<Project ToolsVersion="4.0" xmlns="http://schemas.microsoft.com/developer/msbuild/2003">
  <ItemGroup>
    <ClCompile Include="main.cpp" />
    <ClCompile Include="papyrus.cpp" />
    <ClCompile Include="adjustments.cpp" />
    <ClCompile Include="io.cpp" />
    <ClCompile Include="util.cpp" />
    <ClCompile Include="conversions.cpp" />
    <ClCompile Include="eyes.cpp" />
    <ClCompile Include="hacks.cpp" />
    <ClCompile Include="serialization.cpp" />
    <ClCompile Include="settings.cpp" />
    <ClCompile Include="messaging.cpp" />
  </ItemGroup>
  <ItemGroup>
    <ClInclude Include="papyrus.h" />
    <ClInclude Include="adjustments.h" />
    <ClInclude Include="io.h" />
    <ClInclude Include="util.h" />
    <ClInclude Include="conversions.h" />
    <ClInclude Include="eyes.h" />
    <ClInclude Include="hacks.h" />
    <ClInclude Include="serialization.h" />
    <ClInclude Include="settings.h" />
    <ClInclude Include="messaging.h" />
  </ItemGroup>
  <ItemGroup>
    <None Include="exports.def" />
  </ItemGroup>
</Project>